
Microsoft Visual Studio Solution File, Format Version 12.00
# Visual Studio Version 17
VisualStudioVersion = 17.0.31903.59
MinimumVisualStudioVersion = 10.0.40219.1
Project("{FAE04EC0-301F-11D3-BF4B-00C04F79EFBC}") = "nU3.Core", "nU3.Core\nU3.Core.csproj", "{ABA9798A-344A-484F-8815-8E63B7BA16A3}"
EndProject
Project("{FAE04EC0-301F-11D3-BF4B-00C04F79EFBC}") = "nU3.Data", "nU3.Data\nU3.Data.csproj", "{ABBEBD77-F206-4874-BFE6-A9C484967CC6}"
EndProject
Project("{FAE04EC0-301F-11D3-BF4B-00C04F79EFBC}") = "nU3.Core.UI", "nU3.Core.UI\nU3.Core.UI.csproj", "{39B644B1-B6FC-455D-A9C3-48E39FB28B26}"
EndProject
Project("{FAE04EC0-301F-11D3-BF4B-00C04F79EFBC}") = "nU3.Tools.Deployer", "nU3.Tools.Deployer\nU3.Tools.Deployer.csproj", "{1ABB5435-0B96-4297-89D6-CE2A93049528}"
EndProject
Project("{FAE04EC0-301F-11D3-BF4B-00C04F79EFBC}") = "nU3.Shell", "nU3.Shell\nU3.Shell.csproj", "{56EE7B68-C6C6-42EA-9E06-5A1623ADDF25}"
EndProject
Project("{FAE04EC0-301F-11D3-BF4B-00C04F79EFBC}") = "nU3.Bootstrapper", "nU3.Bootstrapper\nU3.Bootstrapper.csproj", "{A572AED0-05AA-DF22-8333-E356A6CD379B}"
EndProject
Project("{2150E333-8FDC-42A3-9474-1A3956D46DE8}") = "솔루션 항목", "솔루션 항목", "{2A3A057F-5D22-31FD-628C-DF5EF75AEF1E}"
	ProjectSection(SolutionItems) = preProject
		Directory.Build.props = Directory.Build.props
		global.json = global.json
	EndProjectSection
EndProject
Project("{2150E333-8FDC-42A3-9474-1A3956D46DE8}") = "Modules", "Modules", "{C8D5274F-AC00-46C7-1F8D-E88E81087A52}"
	ProjectSection(SolutionItems) = preProject
		Modules\Directory.Build.targets = Modules\Directory.Build.targets
	EndProjectSection
EndProject
Project("{2150E333-8FDC-42A3-9474-1A3956D46DE8}") = "ADM", "ADM", "{01802EA8-310C-49BA-B673-3559710D75A6}"
EndProject
Project("{2150E333-8FDC-42A3-9474-1A3956D46DE8}") = "EMR", "EMR", "{FD5FCA05-F68D-4AAA-89BB-B6DF876D03C4}"
EndProject
Project("{FAE04EC0-301F-11D3-BF4B-00C04F79EFBC}") = "nU3.Modules.ADM.AD.Deployer", "Modules\ADM\AD\nU3.Modules.ADM.AD.Deployer\nU3.Modules.ADM.AD.Deployer.csproj", "{C9182C78-AF3E-EC84-6718-91208CBA2818}"
EndProject
Project("{FAE04EC0-301F-11D3-BF4B-00C04F79EFBC}") = "nU3.Modules.EMR.IN.Worklist", "Modules\EMR\IN\nU3.Modules.EMR.IN.Worklist\nU3.Modules.EMR.IN.Worklist.csproj", "{88455626-7D64-DBEA-92BA-98AAD93D5AD4}"
EndProject
Project("{FAE04EC0-301F-11D3-BF4B-00C04F79EFBC}") = "nU3.Models", "nU3.Models\nU3.Models.csproj", "{F6AF9C3A-37E8-47A8-893C-888D9F793036}"
EndProject
Project("{2150E333-8FDC-42A3-9474-1A3956D46DE8}") = "Servers", "Servers", "{CD01F3D1-09E8-429F-8021-04B5ED2597C8}"
EndProject
Project("{FAE04EC0-301F-11D3-BF4B-00C04F79EFBC}") = "nU3.Server.Connectivity", "Servers\nU3.Server.Connectivity\nU3.Server.Connectivity.csproj", "{121835CC-4658-4A31-80C7-07CFABAD5DD7}"
EndProject
Project("{FAE04EC0-301F-11D3-BF4B-00C04F79EFBC}") = "nU3.Server.Host", "Servers\nU3.Server.Host\nU3.Server.Host.csproj", "{70B7D2FD-43AE-4E6E-AA42-306B30DA224F}"
EndProject
Project("{FAE04EC0-301F-11D3-BF4B-00C04F79EFBC}") = "nU3.Connectivity", "nU3.Connectivity\nU3.Connectivity.csproj", "{A759F00A-D366-F452-5559-BA4D8B642046}"
EndProject
Project("{FAE04EC0-301F-11D3-BF4B-00C04F79EFBC}") = "nU3.MainShell", "nU3.MainShell\nU3.MainShell.csproj", "{52C12B08-006B-2472-E048-5CE1FD407E0B}"
EndProject
Project("{FAE04EC0-301F-11D3-BF4B-00C04F79EFBC}") = "nU3.Modules.EMR.OT.Worklist", "Modules\EMR\OT\nU3.Modules.EMR.OT.Worklist\nU3.Modules.EMR.OT.Worklist.csproj", "{8EE9F474-C3C8-4181-821E-6E79CDF63B57}"
EndProject
Project("{2150E333-8FDC-42A3-9474-1A3956D46DE8}") = "IN", "IN", "{1CD59202-9893-41D6-903D-6D8F78C357AD}"
EndProject
Project("{2150E333-8FDC-42A3-9474-1A3956D46DE8}") = "OT", "OT", "{577DF2E3-1E28-40E4-B41D-DCADC1B91B21}"
EndProject
Project("{2150E333-8FDC-42A3-9474-1A3956D46DE8}") = "AD", "AD", "{7A14DA83-2364-408C-9E19-FC38B253A012}"
EndProject
Project("{FAE04EC0-301F-11D3-BF4B-00C04F79EFBC}") = "nU3.Core.UI.Components", "nU3.Core.UI.Components\nU3.Core.UI.Components.csproj", "{06CC7B72-E2C1-26B6-87A5-6B28C1102B8B}"
EndProject
Project("{2150E333-8FDC-42A3-9474-1A3956D46DE8}") = "CL", "CL", "{92C7233C-EF66-4B91-BB46-719FB2E887E1}"
EndProject
Project("{FAE04EC0-301F-11D3-BF4B-00C04F79EFBC}") = "nU3.Modules.EMR.CL.Component", "Modules\EMR\CL\nU3.Modules.EMR.CL.Component\nU3.Modules.EMR.CL.Component.csproj", "{D79B09EF-ADC2-122D-74C9-4036F54A43D2}"
EndProject
Project("{2150E333-8FDC-42A3-9474-1A3956D46DE8}") = "OCS", "OCS", "{319B3C69-0360-48F3-B310-F484140458DA}"
EndProject
Project("{2150E333-8FDC-42A3-9474-1A3956D46DE8}") = "IN", "IN", "{54C5FC06-3444-443D-A1BE-A7E9F10C3759}"
EndProject
Project("{FAE04EC0-301F-11D3-BF4B-00C04F79EFBC}") = "nU3.Modules.OCS.IN.MainEntry", "Modules\OCS\IN\nU3.Modules.OCS.IN.MainEntry\nU3.Modules.OCS.IN.MainEntry.csproj", "{C66FCBE9-4B9F-6FD1-28C6-E8DB69A0C68D}"
EndProject
Global
	GlobalSection(SolutionConfigurationPlatforms) = preSolution
		Debug|Any CPU = Debug|Any CPU
		Debug|x64 = Debug|x64
		Debug|x86 = Debug|x86
		Release|Any CPU = Release|Any CPU
		Release|x64 = Release|x64
		Release|x86 = Release|x86
	EndGlobalSection
	GlobalSection(ProjectConfigurationPlatforms) = postSolution
		{ABA9798A-344A-484F-8815-8E63B7BA16A3}.Debug|Any CPU.ActiveCfg = Debug|Any CPU
		{ABA9798A-344A-484F-8815-8E63B7BA16A3}.Debug|Any CPU.Build.0 = Debug|Any CPU
		{ABA9798A-344A-484F-8815-8E63B7BA16A3}.Debug|x64.ActiveCfg = Debug|Any CPU
		{ABA9798A-344A-484F-8815-8E63B7BA16A3}.Debug|x64.Build.0 = Debug|Any CPU
		{ABA9798A-344A-484F-8815-8E63B7BA16A3}.Debug|x86.ActiveCfg = Debug|Any CPU
		{ABA9798A-344A-484F-8815-8E63B7BA16A3}.Debug|x86.Build.0 = Debug|Any CPU
		{ABA9798A-344A-484F-8815-8E63B7BA16A3}.Release|Any CPU.ActiveCfg = Release|Any CPU
		{ABA9798A-344A-484F-8815-8E63B7BA16A3}.Release|Any CPU.Build.0 = Release|Any CPU
		{ABA9798A-344A-484F-8815-8E63B7BA16A3}.Release|x64.ActiveCfg = Release|Any CPU
		{ABA9798A-344A-484F-8815-8E63B7BA16A3}.Release|x64.Build.0 = Release|Any CPU
		{ABA9798A-344A-484F-8815-8E63B7BA16A3}.Release|x86.ActiveCfg = Release|Any CPU
		{ABA9798A-344A-484F-8815-8E63B7BA16A3}.Release|x86.Build.0 = Release|Any CPU
		{ABBEBD77-F206-4874-BFE6-A9C484967CC6}.Debug|Any CPU.ActiveCfg = Debug|Any CPU
		{ABBEBD77-F206-4874-BFE6-A9C484967CC6}.Debug|Any CPU.Build.0 = Debug|Any CPU
		{ABBEBD77-F206-4874-BFE6-A9C484967CC6}.Debug|x64.ActiveCfg = Debug|Any CPU
		{ABBEBD77-F206-4874-BFE6-A9C484967CC6}.Debug|x64.Build.0 = Debug|Any CPU
		{ABBEBD77-F206-4874-BFE6-A9C484967CC6}.Debug|x86.ActiveCfg = Debug|Any CPU
		{ABBEBD77-F206-4874-BFE6-A9C484967CC6}.Debug|x86.Build.0 = Debug|Any CPU
		{ABBEBD77-F206-4874-BFE6-A9C484967CC6}.Release|Any CPU.ActiveCfg = Release|Any CPU
		{ABBEBD77-F206-4874-BFE6-A9C484967CC6}.Release|Any CPU.Build.0 = Release|Any CPU
		{ABBEBD77-F206-4874-BFE6-A9C484967CC6}.Release|x64.ActiveCfg = Release|Any CPU
		{ABBEBD77-F206-4874-BFE6-A9C484967CC6}.Release|x64.Build.0 = Release|Any CPU
		{ABBEBD77-F206-4874-BFE6-A9C484967CC6}.Release|x86.ActiveCfg = Release|Any CPU
		{ABBEBD77-F206-4874-BFE6-A9C484967CC6}.Release|x86.Build.0 = Release|Any CPU
		{39B644B1-B6FC-455D-A9C3-48E39FB28B26}.Debug|Any CPU.ActiveCfg = Debug|Any CPU
		{39B644B1-B6FC-455D-A9C3-48E39FB28B26}.Debug|Any CPU.Build.0 = Debug|Any CPU
		{39B644B1-B6FC-455D-A9C3-48E39FB28B26}.Debug|x64.ActiveCfg = Debug|Any CPU
		{39B644B1-B6FC-455D-A9C3-48E39FB28B26}.Debug|x64.Build.0 = Debug|Any CPU
		{39B644B1-B6FC-455D-A9C3-48E39FB28B26}.Debug|x86.ActiveCfg = Debug|Any CPU
		{39B644B1-B6FC-455D-A9C3-48E39FB28B26}.Debug|x86.Build.0 = Debug|Any CPU
		{39B644B1-B6FC-455D-A9C3-48E39FB28B26}.Release|Any CPU.ActiveCfg = Release|Any CPU
		{39B644B1-B6FC-455D-A9C3-48E39FB28B26}.Release|Any CPU.Build.0 = Release|Any CPU
		{39B644B1-B6FC-455D-A9C3-48E39FB28B26}.Release|x64.ActiveCfg = Release|Any CPU
		{39B644B1-B6FC-455D-A9C3-48E39FB28B26}.Release|x64.Build.0 = Release|Any CPU
		{39B644B1-B6FC-455D-A9C3-48E39FB28B26}.Release|x86.ActiveCfg = Release|Any CPU
		{39B644B1-B6FC-455D-A9C3-48E39FB28B26}.Release|x86.Build.0 = Release|Any CPU
		{1ABB5435-0B96-4297-89D6-CE2A93049528}.Debug|Any CPU.ActiveCfg = Debug|Any CPU
		{1ABB5435-0B96-4297-89D6-CE2A93049528}.Debug|Any CPU.Build.0 = Debug|Any CPU
		{1ABB5435-0B96-4297-89D6-CE2A93049528}.Debug|x64.ActiveCfg = Debug|Any CPU
		{1ABB5435-0B96-4297-89D6-CE2A93049528}.Debug|x64.Build.0 = Debug|Any CPU
		{1ABB5435-0B96-4297-89D6-CE2A93049528}.Debug|x86.ActiveCfg = Debug|Any CPU
		{1ABB5435-0B96-4297-89D6-CE2A93049528}.Debug|x86.Build.0 = Debug|Any CPU
		{1ABB5435-0B96-4297-89D6-CE2A93049528}.Release|Any CPU.ActiveCfg = Release|Any CPU
		{1ABB5435-0B96-4297-89D6-CE2A93049528}.Release|Any CPU.Build.0 = Release|Any CPU
		{1ABB5435-0B96-4297-89D6-CE2A93049528}.Release|x64.ActiveCfg = Release|Any CPU
		{1ABB5435-0B96-4297-89D6-CE2A93049528}.Release|x64.Build.0 = Release|Any CPU
		{1ABB5435-0B96-4297-89D6-CE2A93049528}.Release|x86.ActiveCfg = Release|Any CPU
		{1ABB5435-0B96-4297-89D6-CE2A93049528}.Release|x86.Build.0 = Release|Any CPU
		{56EE7B68-C6C6-42EA-9E06-5A1623ADDF25}.Debug|Any CPU.ActiveCfg = Debug|Any CPU
		{56EE7B68-C6C6-42EA-9E06-5A1623ADDF25}.Debug|Any CPU.Build.0 = Debug|Any CPU
		{56EE7B68-C6C6-42EA-9E06-5A1623ADDF25}.Debug|x64.ActiveCfg = Debug|Any CPU
		{56EE7B68-C6C6-42EA-9E06-5A1623ADDF25}.Debug|x64.Build.0 = Debug|Any CPU
		{56EE7B68-C6C6-42EA-9E06-5A1623ADDF25}.Debug|x86.ActiveCfg = Debug|Any CPU
		{56EE7B68-C6C6-42EA-9E06-5A1623ADDF25}.Debug|x86.Build.0 = Debug|Any CPU
		{56EE7B68-C6C6-42EA-9E06-5A1623ADDF25}.Release|Any CPU.ActiveCfg = Release|Any CPU
		{56EE7B68-C6C6-42EA-9E06-5A1623ADDF25}.Release|Any CPU.Build.0 = Release|Any CPU
		{56EE7B68-C6C6-42EA-9E06-5A1623ADDF25}.Release|x64.ActiveCfg = Release|Any CPU
		{56EE7B68-C6C6-42EA-9E06-5A1623ADDF25}.Release|x64.Build.0 = Release|Any CPU
		{56EE7B68-C6C6-42EA-9E06-5A1623ADDF25}.Release|x86.ActiveCfg = Release|Any CPU
		{56EE7B68-C6C6-42EA-9E06-5A1623ADDF25}.Release|x86.Build.0 = Release|Any CPU
		{A572AED0-05AA-DF22-8333-E356A6CD379B}.Debug|Any CPU.ActiveCfg = Debug|Any CPU
		{A572AED0-05AA-DF22-8333-E356A6CD379B}.Debug|Any CPU.Build.0 = Debug|Any CPU
		{A572AED0-05AA-DF22-8333-E356A6CD379B}.Debug|x64.ActiveCfg = Debug|Any CPU
		{A572AED0-05AA-DF22-8333-E356A6CD379B}.Debug|x64.Build.0 = Debug|Any CPU
		{A572AED0-05AA-DF22-8333-E356A6CD379B}.Debug|x86.ActiveCfg = Debug|Any CPU
		{A572AED0-05AA-DF22-8333-E356A6CD379B}.Debug|x86.Build.0 = Debug|Any CPU
		{A572AED0-05AA-DF22-8333-E356A6CD379B}.Release|Any CPU.ActiveCfg = Release|Any CPU
		{A572AED0-05AA-DF22-8333-E356A6CD379B}.Release|Any CPU.Build.0 = Release|Any CPU
		{A572AED0-05AA-DF22-8333-E356A6CD379B}.Release|x64.ActiveCfg = Release|Any CPU
		{A572AED0-05AA-DF22-8333-E356A6CD379B}.Release|x64.Build.0 = Release|Any CPU
		{A572AED0-05AA-DF22-8333-E356A6CD379B}.Release|x86.ActiveCfg = Release|Any CPU
		{A572AED0-05AA-DF22-8333-E356A6CD379B}.Release|x86.Build.0 = Release|Any CPU
		{C9182C78-AF3E-EC84-6718-91208CBA2818}.Debug|Any CPU.ActiveCfg = Debug|Any CPU
		{C9182C78-AF3E-EC84-6718-91208CBA2818}.Debug|Any CPU.Build.0 = Debug|Any CPU
		{C9182C78-AF3E-EC84-6718-91208CBA2818}.Debug|x64.ActiveCfg = Debug|Any CPU
		{C9182C78-AF3E-EC84-6718-91208CBA2818}.Debug|x64.Build.0 = Debug|Any CPU
		{C9182C78-AF3E-EC84-6718-91208CBA2818}.Debug|x86.ActiveCfg = Debug|Any CPU
		{C9182C78-AF3E-EC84-6718-91208CBA2818}.Debug|x86.Build.0 = Debug|Any CPU
		{C9182C78-AF3E-EC84-6718-91208CBA2818}.Release|Any CPU.ActiveCfg = Release|Any CPU
		{C9182C78-AF3E-EC84-6718-91208CBA2818}.Release|Any CPU.Build.0 = Release|Any CPU
		{C9182C78-AF3E-EC84-6718-91208CBA2818}.Release|x64.ActiveCfg = Release|Any CPU
		{C9182C78-AF3E-EC84-6718-91208CBA2818}.Release|x64.Build.0 = Release|Any CPU
		{C9182C78-AF3E-EC84-6718-91208CBA2818}.Release|x86.ActiveCfg = Release|Any CPU
		{C9182C78-AF3E-EC84-6718-91208CBA2818}.Release|x86.Build.0 = Release|Any CPU
		{88455626-7D64-DBEA-92BA-98AAD93D5AD4}.Debug|Any CPU.ActiveCfg = Debug|Any CPU
		{88455626-7D64-DBEA-92BA-98AAD93D5AD4}.Debug|Any CPU.Build.0 = Debug|Any CPU
		{88455626-7D64-DBEA-92BA-98AAD93D5AD4}.Debug|x64.ActiveCfg = Debug|Any CPU
		{88455626-7D64-DBEA-92BA-98AAD93D5AD4}.Debug|x64.Build.0 = Debug|Any CPU
		{88455626-7D64-DBEA-92BA-98AAD93D5AD4}.Debug|x86.ActiveCfg = Debug|Any CPU
		{88455626-7D64-DBEA-92BA-98AAD93D5AD4}.Debug|x86.Build.0 = Debug|Any CPU
		{88455626-7D64-DBEA-92BA-98AAD93D5AD4}.Release|Any CPU.ActiveCfg = Release|Any CPU
		{88455626-7D64-DBEA-92BA-98AAD93D5AD4}.Release|Any CPU.Build.0 = Release|Any CPU
		{88455626-7D64-DBEA-92BA-98AAD93D5AD4}.Release|x64.ActiveCfg = Release|Any CPU
		{88455626-7D64-DBEA-92BA-98AAD93D5AD4}.Release|x64.Build.0 = Release|Any CPU
		{88455626-7D64-DBEA-92BA-98AAD93D5AD4}.Release|x86.ActiveCfg = Release|Any CPU
		{88455626-7D64-DBEA-92BA-98AAD93D5AD4}.Release|x86.Build.0 = Release|Any CPU
		{F6AF9C3A-37E8-47A8-893C-888D9F793036}.Debug|Any CPU.ActiveCfg = Debug|Any CPU
		{F6AF9C3A-37E8-47A8-893C-888D9F793036}.Debug|Any CPU.Build.0 = Debug|Any CPU
		{F6AF9C3A-37E8-47A8-893C-888D9F793036}.Debug|x64.ActiveCfg = Debug|Any CPU
		{F6AF9C3A-37E8-47A8-893C-888D9F793036}.Debug|x64.Build.0 = Debug|Any CPU
		{F6AF9C3A-37E8-47A8-893C-888D9F793036}.Debug|x86.ActiveCfg = Debug|Any CPU
		{F6AF9C3A-37E8-47A8-893C-888D9F793036}.Debug|x86.Build.0 = Debug|Any CPU
		{F6AF9C3A-37E8-47A8-893C-888D9F793036}.Release|Any CPU.ActiveCfg = Release|Any CPU
		{F6AF9C3A-37E8-47A8-893C-888D9F793036}.Release|Any CPU.Build.0 = Release|Any CPU
		{F6AF9C3A-37E8-47A8-893C-888D9F793036}.Release|x64.ActiveCfg = Release|Any CPU
		{F6AF9C3A-37E8-47A8-893C-888D9F793036}.Release|x64.Build.0 = Release|Any CPU
		{F6AF9C3A-37E8-47A8-893C-888D9F793036}.Release|x86.ActiveCfg = Release|Any CPU
		{F6AF9C3A-37E8-47A8-893C-888D9F793036}.Release|x86.Build.0 = Release|Any CPU
		{121835CC-4658-4A31-80C7-07CFABAD5DD7}.Debug|Any CPU.ActiveCfg = Debug|Any CPU
		{121835CC-4658-4A31-80C7-07CFABAD5DD7}.Debug|Any CPU.Build.0 = Debug|Any CPU
		{121835CC-4658-4A31-80C7-07CFABAD5DD7}.Debug|x64.ActiveCfg = Debug|Any CPU
		{121835CC-4658-4A31-80C7-07CFABAD5DD7}.Debug|x64.Build.0 = Debug|Any CPU
		{121835CC-4658-4A31-80C7-07CFABAD5DD7}.Debug|x86.ActiveCfg = Debug|Any CPU
		{121835CC-4658-4A31-80C7-07CFABAD5DD7}.Debug|x86.Build.0 = Debug|Any CPU
		{121835CC-4658-4A31-80C7-07CFABAD5DD7}.Release|Any CPU.ActiveCfg = Release|Any CPU
		{121835CC-4658-4A31-80C7-07CFABAD5DD7}.Release|Any CPU.Build.0 = Release|Any CPU
		{121835CC-4658-4A31-80C7-07CFABAD5DD7}.Release|x64.ActiveCfg = Release|Any CPU
		{121835CC-4658-4A31-80C7-07CFABAD5DD7}.Release|x64.Build.0 = Release|Any CPU
		{121835CC-4658-4A31-80C7-07CFABAD5DD7}.Release|x86.ActiveCfg = Release|Any CPU
		{121835CC-4658-4A31-80C7-07CFABAD5DD7}.Release|x86.Build.0 = Release|Any CPU
		{70B7D2FD-43AE-4E6E-AA42-306B30DA224F}.Debug|Any CPU.ActiveCfg = Debug|Any CPU
		{70B7D2FD-43AE-4E6E-AA42-306B30DA224F}.Debug|Any CPU.Build.0 = Debug|Any CPU
		{70B7D2FD-43AE-4E6E-AA42-306B30DA224F}.Debug|x64.ActiveCfg = Debug|Any CPU
		{70B7D2FD-43AE-4E6E-AA42-306B30DA224F}.Debug|x64.Build.0 = Debug|Any CPU
		{70B7D2FD-43AE-4E6E-AA42-306B30DA224F}.Debug|x86.ActiveCfg = Debug|Any CPU
		{70B7D2FD-43AE-4E6E-AA42-306B30DA224F}.Debug|x86.Build.0 = Debug|Any CPU
		{70B7D2FD-43AE-4E6E-AA42-306B30DA224F}.Release|Any CPU.ActiveCfg = Release|Any CPU
		{70B7D2FD-43AE-4E6E-AA42-306B30DA224F}.Release|Any CPU.Build.0 = Release|Any CPU
		{70B7D2FD-43AE-4E6E-AA42-306B30DA224F}.Release|x64.ActiveCfg = Release|Any CPU
		{70B7D2FD-43AE-4E6E-AA42-306B30DA224F}.Release|x64.Build.0 = Release|Any CPU
		{70B7D2FD-43AE-4E6E-AA42-306B30DA224F}.Release|x86.ActiveCfg = Release|Any CPU
		{70B7D2FD-43AE-4E6E-AA42-306B30DA224F}.Release|x86.Build.0 = Release|Any CPU
		{A759F00A-D366-F452-5559-BA4D8B642046}.Debug|Any CPU.ActiveCfg = Debug|Any CPU
		{A759F00A-D366-F452-5559-BA4D8B642046}.Debug|Any CPU.Build.0 = Debug|Any CPU
		{A759F00A-D366-F452-5559-BA4D8B642046}.Debug|x64.ActiveCfg = Debug|Any CPU
		{A759F00A-D366-F452-5559-BA4D8B642046}.Debug|x64.Build.0 = Debug|Any CPU
		{A759F00A-D366-F452-5559-BA4D8B642046}.Debug|x86.ActiveCfg = Debug|Any CPU
		{A759F00A-D366-F452-5559-BA4D8B642046}.Debug|x86.Build.0 = Debug|Any CPU
		{A759F00A-D366-F452-5559-BA4D8B642046}.Release|Any CPU.ActiveCfg = Release|Any CPU
		{A759F00A-D366-F452-5559-BA4D8B642046}.Release|Any CPU.Build.0 = Release|Any CPU
		{A759F00A-D366-F452-5559-BA4D8B642046}.Release|x64.ActiveCfg = Release|Any CPU
		{A759F00A-D366-F452-5559-BA4D8B642046}.Release|x64.Build.0 = Release|Any CPU
		{A759F00A-D366-F452-5559-BA4D8B642046}.Release|x86.ActiveCfg = Release|Any CPU
		{A759F00A-D366-F452-5559-BA4D8B642046}.Release|x86.Build.0 = Release|Any CPU
		{52C12B08-006B-2472-E048-5CE1FD407E0B}.Debug|Any CPU.ActiveCfg = Debug|Any CPU
		{52C12B08-006B-2472-E048-5CE1FD407E0B}.Debug|Any CPU.Build.0 = Debug|Any CPU
		{52C12B08-006B-2472-E048-5CE1FD407E0B}.Debug|x64.ActiveCfg = Debug|Any CPU
		{52C12B08-006B-2472-E048-5CE1FD407E0B}.Debug|x64.Build.0 = Debug|Any CPU
		{52C12B08-006B-2472-E048-5CE1FD407E0B}.Debug|x86.ActiveCfg = Debug|Any CPU
		{52C12B08-006B-2472-E048-5CE1FD407E0B}.Debug|x86.Build.0 = Debug|Any CPU
		{52C12B08-006B-2472-E048-5CE1FD407E0B}.Release|Any CPU.ActiveCfg = Release|Any CPU
		{52C12B08-006B-2472-E048-5CE1FD407E0B}.Release|Any CPU.Build.0 = Release|Any CPU
		{52C12B08-006B-2472-E048-5CE1FD407E0B}.Release|x64.ActiveCfg = Release|Any CPU
		{52C12B08-006B-2472-E048-5CE1FD407E0B}.Release|x64.Build.0 = Release|Any CPU
		{52C12B08-006B-2472-E048-5CE1FD407E0B}.Release|x86.ActiveCfg = Release|Any CPU
		{52C12B08-006B-2472-E048-5CE1FD407E0B}.Release|x86.Build.0 = Release|Any CPU
		{8EE9F474-C3C8-4181-821E-6E79CDF63B57}.Debug|Any CPU.ActiveCfg = Debug|Any CPU
		{8EE9F474-C3C8-4181-821E-6E79CDF63B57}.Debug|Any CPU.Build.0 = Debug|Any CPU
		{8EE9F474-C3C8-4181-821E-6E79CDF63B57}.Debug|x64.ActiveCfg = Debug|Any CPU
		{8EE9F474-C3C8-4181-821E-6E79CDF63B57}.Debug|x64.Build.0 = Debug|Any CPU
		{8EE9F474-C3C8-4181-821E-6E79CDF63B57}.Debug|x86.ActiveCfg = Debug|Any CPU
		{8EE9F474-C3C8-4181-821E-6E79CDF63B57}.Debug|x86.Build.0 = Debug|Any CPU
		{8EE9F474-C3C8-4181-821E-6E79CDF63B57}.Release|Any CPU.ActiveCfg = Release|Any CPU
		{8EE9F474-C3C8-4181-821E-6E79CDF63B57}.Release|Any CPU.Build.0 = Release|Any CPU
		{8EE9F474-C3C8-4181-821E-6E79CDF63B57}.Release|x64.ActiveCfg = Release|Any CPU
		{8EE9F474-C3C8-4181-821E-6E79CDF63B57}.Release|x64.Build.0 = Release|Any CPU
		{8EE9F474-C3C8-4181-821E-6E79CDF63B57}.Release|x86.ActiveCfg = Release|Any CPU
		{8EE9F474-C3C8-4181-821E-6E79CDF63B57}.Release|x86.Build.0 = Release|Any CPU
		{06CC7B72-E2C1-26B6-87A5-6B28C1102B8B}.Debug|Any CPU.ActiveCfg = Debug|Any CPU
		{06CC7B72-E2C1-26B6-87A5-6B28C1102B8B}.Debug|Any CPU.Build.0 = Debug|Any CPU
		{06CC7B72-E2C1-26B6-87A5-6B28C1102B8B}.Debug|x64.ActiveCfg = Debug|Any CPU
		{06CC7B72-E2C1-26B6-87A5-6B28C1102B8B}.Debug|x64.Build.0 = Debug|Any CPU
		{06CC7B72-E2C1-26B6-87A5-6B28C1102B8B}.Debug|x86.ActiveCfg = Debug|Any CPU
		{06CC7B72-E2C1-26B6-87A5-6B28C1102B8B}.Debug|x86.Build.0 = Debug|Any CPU
		{06CC7B72-E2C1-26B6-87A5-6B28C1102B8B}.Release|Any CPU.ActiveCfg = Release|Any CPU
		{06CC7B72-E2C1-26B6-87A5-6B28C1102B8B}.Release|Any CPU.Build.0 = Release|Any CPU
		{06CC7B72-E2C1-26B6-87A5-6B28C1102B8B}.Release|x64.ActiveCfg = Release|Any CPU
		{06CC7B72-E2C1-26B6-87A5-6B28C1102B8B}.Release|x64.Build.0 = Release|Any CPU
		{06CC7B72-E2C1-26B6-87A5-6B28C1102B8B}.Release|x86.ActiveCfg = Release|Any CPU
		{06CC7B72-E2C1-26B6-87A5-6B28C1102B8B}.Release|x86.Build.0 = Release|Any CPU
		{D79B09EF-ADC2-122D-74C9-4036F54A43D2}.Debug|Any CPU.ActiveCfg = Debug|Any CPU
		{D79B09EF-ADC2-122D-74C9-4036F54A43D2}.Debug|Any CPU.Build.0 = Debug|Any CPU
		{D79B09EF-ADC2-122D-74C9-4036F54A43D2}.Debug|x64.ActiveCfg = Debug|Any CPU
		{D79B09EF-ADC2-122D-74C9-4036F54A43D2}.Debug|x64.Build.0 = Debug|Any CPU
		{D79B09EF-ADC2-122D-74C9-4036F54A43D2}.Debug|x86.ActiveCfg = Debug|Any CPU
		{D79B09EF-ADC2-122D-74C9-4036F54A43D2}.Debug|x86.Build.0 = Debug|Any CPU
		{D79B09EF-ADC2-122D-74C9-4036F54A43D2}.Release|Any CPU.ActiveCfg = Release|Any CPU
		{D79B09EF-ADC2-122D-74C9-4036F54A43D2}.Release|Any CPU.Build.0 = Release|Any CPU
		{D79B09EF-ADC2-122D-74C9-4036F54A43D2}.Release|x64.ActiveCfg = Release|Any CPU
		{D79B09EF-ADC2-122D-74C9-4036F54A43D2}.Release|x64.Build.0 = Release|Any CPU
		{D79B09EF-ADC2-122D-74C9-4036F54A43D2}.Release|x86.ActiveCfg = Release|Any CPU
		{D79B09EF-ADC2-122D-74C9-4036F54A43D2}.Release|x86.Build.0 = Release|Any CPU
		{C66FCBE9-4B9F-6FD1-28C6-E8DB69A0C68D}.Debug|Any CPU.ActiveCfg = Debug|Any CPU
		{C66FCBE9-4B9F-6FD1-28C6-E8DB69A0C68D}.Debug|Any CPU.Build.0 = Debug|Any CPU
		{C66FCBE9-4B9F-6FD1-28C6-E8DB69A0C68D}.Debug|x64.ActiveCfg = Debug|Any CPU
		{C66FCBE9-4B9F-6FD1-28C6-E8DB69A0C68D}.Debug|x64.Build.0 = Debug|Any CPU
		{C66FCBE9-4B9F-6FD1-28C6-E8DB69A0C68D}.Debug|x86.ActiveCfg = Debug|Any CPU
		{C66FCBE9-4B9F-6FD1-28C6-E8DB69A0C68D}.Debug|x86.Build.0 = Debug|Any CPU
		{C66FCBE9-4B9F-6FD1-28C6-E8DB69A0C68D}.Release|Any CPU.ActiveCfg = Release|Any CPU
		{C66FCBE9-4B9F-6FD1-28C6-E8DB69A0C68D}.Release|Any CPU.Build.0 = Release|Any CPU
		{C66FCBE9-4B9F-6FD1-28C6-E8DB69A0C68D}.Release|x64.ActiveCfg = Release|Any CPU
		{C66FCBE9-4B9F-6FD1-28C6-E8DB69A0C68D}.Release|x64.Build.0 = Release|Any CPU
		{C66FCBE9-4B9F-6FD1-28C6-E8DB69A0C68D}.Release|x86.ActiveCfg = Release|Any CPU
		{C66FCBE9-4B9F-6FD1-28C6-E8DB69A0C68D}.Release|x86.Build.0 = Release|Any CPU
	EndGlobalSection
	GlobalSection(SolutionProperties) = preSolution
		HideSolutionNode = FALSE
	EndGlobalSection
	GlobalSection(NestedProjects) = preSolution
		{01802EA8-310C-49BA-B673-3559710D75A6} = {C8D5274F-AC00-46C7-1F8D-E88E81087A52}
		{FD5FCA05-F68D-4AAA-89BB-B6DF876D03C4} = {C8D5274F-AC00-46C7-1F8D-E88E81087A52}
		{C9182C78-AF3E-EC84-6718-91208CBA2818} = {7A14DA83-2364-408C-9E19-FC38B253A012}
		{88455626-7D64-DBEA-92BA-98AAD93D5AD4} = {1CD59202-9893-41D6-903D-6D8F78C357AD}
		{121835CC-4658-4A31-80C7-07CFABAD5DD7} = {CD01F3D1-09E8-429F-8021-04B5ED2597C8}
		{70B7D2FD-43AE-4E6E-AA42-306B30DA224F} = {CD01F3D1-09E8-429F-8021-04B5ED2597C8}
		{8EE9F474-C3C8-4181-821E-6E79CDF63B57} = {577DF2E3-1E28-40E4-B41D-DCADC1B91B21}
		{1CD59202-9893-41D6-903D-6D8F78C357AD} = {FD5FCA05-F68D-4AAA-89BB-B6DF876D03C4}
		{577DF2E3-1E28-40E4-B41D-DCADC1B91B21} = {FD5FCA05-F68D-4AAA-89BB-B6DF876D03C4}
		{7A14DA83-2364-408C-9E19-FC38B253A012} = {01802EA8-310C-49BA-B673-3559710D75A6}
		{92C7233C-EF66-4B91-BB46-719FB2E887E1} = {FD5FCA05-F68D-4AAA-89BB-B6DF876D03C4}
		{D79B09EF-ADC2-122D-74C9-4036F54A43D2} = {92C7233C-EF66-4B91-BB46-719FB2E887E1}
		{319B3C69-0360-48F3-B310-F484140458DA} = {C8D5274F-AC00-46C7-1F8D-E88E81087A52}
		{54C5FC06-3444-443D-A1BE-A7E9F10C3759} = {319B3C69-0360-48F3-B310-F484140458DA}
		{C66FCBE9-4B9F-6FD1-28C6-E8DB69A0C68D} = {54C5FC06-3444-443D-A1BE-A7E9F10C3759}
	EndGlobalSection
	GlobalSection(ExtensibilityGlobals) = postSolution
		SolutionGuid = {B9F01EF6-7F81-4037-88C6-009A6D5125DB}
	EndGlobalSection
EndGlobal
